// !$*UTF8*$!
{
	archiveVersion = 1;
	classes = {
	};
	objectVersion = 51;
	objects = {

/* Begin PBXBuildFile section */
		818D3E3B7A9B89CA400DFE76 /* Pods_RunningMateFBU.framework in Frameworks */ = {isa = PBXBuildFile; fileRef = 0C1BC6C7143798FA57D8280D /* Pods_RunningMateFBU.framework */; };
		9FE75955379B54A7F72877CD /* Pods_RunningMateFBU_RunningMateFBUUITests.framework in Frameworks */ = {isa = PBXBuildFile; fileRef = 0A9F903D926C97AEC22AB3A3 /* Pods_RunningMateFBU_RunningMateFBUUITests.framework */; };
		CC2D933224BCD7AF0016E5D2 /* AppDelegate.m in Sources */ = {isa = PBXBuildFile; fileRef = CC2D933124BCD7AF0016E5D2 /* AppDelegate.m */; };
		CC2D933524BCD7AF0016E5D2 /* SceneDelegate.m in Sources */ = {isa = PBXBuildFile; fileRef = CC2D933424BCD7AF0016E5D2 /* SceneDelegate.m */; };
		CC2D933B24BCD7AF0016E5D2 /* Main.storyboard in Resources */ = {isa = PBXBuildFile; fileRef = CC2D933924BCD7AF0016E5D2 /* Main.storyboard */; };
		CC2D933D24BCD7B00016E5D2 /* Assets.xcassets in Resources */ = {isa = PBXBuildFile; fileRef = CC2D933C24BCD7B00016E5D2 /* Assets.xcassets */; };
		CC2D934024BCD7B00016E5D2 /* LaunchScreen.storyboard in Resources */ = {isa = PBXBuildFile; fileRef = CC2D933E24BCD7B00016E5D2 /* LaunchScreen.storyboard */; };
		CC2D934324BCD7B00016E5D2 /* main.m in Sources */ = {isa = PBXBuildFile; fileRef = CC2D934224BCD7B00016E5D2 /* main.m */; };
		CC2D934D24BCD7B00016E5D2 /* RunningMateFBUTests.m in Sources */ = {isa = PBXBuildFile; fileRef = CC2D934C24BCD7B00016E5D2 /* RunningMateFBUTests.m */; };
		CC2D935824BCD7B00016E5D2 /* RunningMateFBUUITests.m in Sources */ = {isa = PBXBuildFile; fileRef = CC2D935724BCD7B00016E5D2 /* RunningMateFBUUITests.m */; };
		CC50225E24BE11690081F565 /* HomeViewController.m in Sources */ = {isa = PBXBuildFile; fileRef = CC50225D24BE11690081F565 /* HomeViewController.m */; };
		CC50226124BE13A40081F565 /* SettingsTableViewController.m in Sources */ = {isa = PBXBuildFile; fileRef = CC50226024BE13A40081F565 /* SettingsTableViewController.m */; };
		CC5A447F24BFABEE00306D0E /* LogOutViewController.m in Sources */ = {isa = PBXBuildFile; fileRef = CC5A447E24BFABEE00306D0E /* LogOutViewController.m */; };
		CC5A448224BFB51300306D0E /* GoalsViewController.m in Sources */ = {isa = PBXBuildFile; fileRef = CC5A448124BFB51300306D0E /* GoalsViewController.m */; };
		CC5A448824C0A22A00306D0E /* UpdateProfileViewController.m in Sources */ = {isa = PBXBuildFile; fileRef = CC5A448724C0A22A00306D0E /* UpdateProfileViewController.m */; };
		CC5A448B24C0B60D00306D0E /* UserProfile.m in Sources */ = {isa = PBXBuildFile; fileRef = CC5A448A24C0B60D00306D0E /* UserProfile.m */; };
		CC7E522724BE5162008808A3 /* SignUpViewController.m in Sources */ = {isa = PBXBuildFile; fileRef = CC7E522624BE5162008808A3 /* SignUpViewController.m */; };
		CCA6E48524C55E9500022825 /* WorkoutCell.m in Sources */ = {isa = PBXBuildFile; fileRef = CCA6E48424C55E9500022825 /* WorkoutCell.m */; };
		CCB8F21524BE1D6B0031707D /* CalanderViewController.m in Sources */ = {isa = PBXBuildFile; fileRef = CCB8F21424BE1D6B0031707D /* CalanderViewController.m */; };
		CCC2F42724BCFFD900091F25 /* LoginViewController.m in Sources */ = {isa = PBXBuildFile; fileRef = CCC2F42624BCFFD900091F25 /* LoginViewController.m */; };
		CCC4495B24C9E16500FAF314 /* WorkoutEvent.m in Sources */ = {isa = PBXBuildFile; fileRef = CCC4495A24C9E16500FAF314 /* WorkoutEvent.m */; };
		E4CC2810A1F724956074F736 /* Pods_RunningMateFBUTests.framework in Frameworks */ = {isa = PBXBuildFile; fileRef = A131F1F1FBAE3E16EABC133E /* Pods_RunningMateFBUTests.framework */; };
/* End PBXBuildFile section */

/* Begin PBXContainerItemProxy section */
		CC2D934924BCD7B00016E5D2 /* PBXContainerItemProxy */ = {
			isa = PBXContainerItemProxy;
			containerPortal = CC2D932524BCD7AF0016E5D2 /* Project object */;
			proxyType = 1;
			remoteGlobalIDString = CC2D932C24BCD7AF0016E5D2;
			remoteInfo = RunningMateFBU;
		};
		CC2D935424BCD7B00016E5D2 /* PBXContainerItemProxy */ = {
			isa = PBXContainerItemProxy;
			containerPortal = CC2D932524BCD7AF0016E5D2 /* Project object */;
			proxyType = 1;
			remoteGlobalIDString = CC2D932C24BCD7AF0016E5D2;
			remoteInfo = RunningMateFBU;
		};
/* End PBXContainerItemProxy section */

/* Begin PBXFileReference section */
		0A9F903D926C97AEC22AB3A3 /* Pods_RunningMateFBU_RunningMateFBUUITests.framework */ = {isa = PBXFileReference; explicitFileType = wrapper.framework; includeInIndex = 0; path = Pods_RunningMateFBU_RunningMateFBUUITests.framework; sourceTree = BUILT_PRODUCTS_DIR; };
		0C1BC6C7143798FA57D8280D /* Pods_RunningMateFBU.framework */ = {isa = PBXFileReference; explicitFileType = wrapper.framework; includeInIndex = 0; path = Pods_RunningMateFBU.framework; sourceTree = BUILT_PRODUCTS_DIR; };
		19DDFEB3CD07E2A277122106 /* Pods-RunningMateFBUTests.debug.xcconfig */ = {isa = PBXFileReference; includeInIndex = 1; lastKnownFileType = text.xcconfig; name = "Pods-RunningMateFBUTests.debug.xcconfig"; path = "Target Support Files/Pods-RunningMateFBUTests/Pods-RunningMateFBUTests.debug.xcconfig"; sourceTree = "<group>"; };
		4EF245F8356F6626B5DCF934 /* Pods-RunningMateFBU.debug.xcconfig */ = {isa = PBXFileReference; includeInIndex = 1; lastKnownFileType = text.xcconfig; name = "Pods-RunningMateFBU.debug.xcconfig"; path = "Target Support Files/Pods-RunningMateFBU/Pods-RunningMateFBU.debug.xcconfig"; sourceTree = "<group>"; };
		5B31063EAB9A358E44D9BFB3 /* Pods-RunningMateFBU-RunningMateFBUUITests.debug.xcconfig */ = {isa = PBXFileReference; includeInIndex = 1; lastKnownFileType = text.xcconfig; name = "Pods-RunningMateFBU-RunningMateFBUUITests.debug.xcconfig"; path = "Target Support Files/Pods-RunningMateFBU-RunningMateFBUUITests/Pods-RunningMateFBU-RunningMateFBUUITests.debug.xcconfig"; sourceTree = "<group>"; };
		A131F1F1FBAE3E16EABC133E /* Pods_RunningMateFBUTests.framework */ = {isa = PBXFileReference; explicitFileType = wrapper.framework; includeInIndex = 0; path = Pods_RunningMateFBUTests.framework; sourceTree = BUILT_PRODUCTS_DIR; };
		CC2D932D24BCD7AF0016E5D2 /* RunningMateFBU.app */ = {isa = PBXFileReference; explicitFileType = wrapper.application; includeInIndex = 0; path = RunningMateFBU.app; sourceTree = BUILT_PRODUCTS_DIR; };
		CC2D933024BCD7AF0016E5D2 /* AppDelegate.h */ = {isa = PBXFileReference; lastKnownFileType = sourcecode.c.h; path = AppDelegate.h; sourceTree = "<group>"; };
		CC2D933124BCD7AF0016E5D2 /* AppDelegate.m */ = {isa = PBXFileReference; lastKnownFileType = sourcecode.c.objc; path = AppDelegate.m; sourceTree = "<group>"; };
		CC2D933324BCD7AF0016E5D2 /* SceneDelegate.h */ = {isa = PBXFileReference; lastKnownFileType = sourcecode.c.h; path = SceneDelegate.h; sourceTree = "<group>"; };
		CC2D933424BCD7AF0016E5D2 /* SceneDelegate.m */ = {isa = PBXFileReference; lastKnownFileType = sourcecode.c.objc; path = SceneDelegate.m; sourceTree = "<group>"; };
		CC2D933A24BCD7AF0016E5D2 /* Base */ = {isa = PBXFileReference; lastKnownFileType = file.storyboard; name = Base; path = Base.lproj/Main.storyboard; sourceTree = "<group>"; };
		CC2D933C24BCD7B00016E5D2 /* Assets.xcassets */ = {isa = PBXFileReference; lastKnownFileType = folder.assetcatalog; path = Assets.xcassets; sourceTree = "<group>"; };
		CC2D933F24BCD7B00016E5D2 /* Base */ = {isa = PBXFileReference; lastKnownFileType = file.storyboard; name = Base; path = Base.lproj/LaunchScreen.storyboard; sourceTree = "<group>"; };
		CC2D934124BCD7B00016E5D2 /* Info.plist */ = {isa = PBXFileReference; lastKnownFileType = text.plist.xml; path = Info.plist; sourceTree = "<group>"; };
		CC2D934224BCD7B00016E5D2 /* main.m */ = {isa = PBXFileReference; lastKnownFileType = sourcecode.c.objc; path = main.m; sourceTree = "<group>"; };
		CC2D934824BCD7B00016E5D2 /* RunningMateFBUTests.xctest */ = {isa = PBXFileReference; explicitFileType = wrapper.cfbundle; includeInIndex = 0; path = RunningMateFBUTests.xctest; sourceTree = BUILT_PRODUCTS_DIR; };
		CC2D934C24BCD7B00016E5D2 /* RunningMateFBUTests.m */ = {isa = PBXFileReference; lastKnownFileType = sourcecode.c.objc; path = RunningMateFBUTests.m; sourceTree = "<group>"; };
		CC2D934E24BCD7B00016E5D2 /* Info.plist */ = {isa = PBXFileReference; lastKnownFileType = text.plist.xml; path = Info.plist; sourceTree = "<group>"; };
		CC2D935324BCD7B00016E5D2 /* RunningMateFBUUITests.xctest */ = {isa = PBXFileReference; explicitFileType = wrapper.cfbundle; includeInIndex = 0; path = RunningMateFBUUITests.xctest; sourceTree = BUILT_PRODUCTS_DIR; };
		CC2D935724BCD7B00016E5D2 /* RunningMateFBUUITests.m */ = {isa = PBXFileReference; lastKnownFileType = sourcecode.c.objc; path = RunningMateFBUUITests.m; sourceTree = "<group>"; };
		CC2D935924BCD7B00016E5D2 /* Info.plist */ = {isa = PBXFileReference; lastKnownFileType = text.plist.xml; path = Info.plist; sourceTree = "<group>"; };
		CC50225C24BE11690081F565 /* HomeViewController.h */ = {isa = PBXFileReference; lastKnownFileType = sourcecode.c.h; path = HomeViewController.h; sourceTree = "<group>"; };
		CC50225D24BE11690081F565 /* HomeViewController.m */ = {isa = PBXFileReference; lastKnownFileType = sourcecode.c.objc; path = HomeViewController.m; sourceTree = "<group>"; };
		CC50225F24BE13A40081F565 /* SettingsTableViewController.h */ = {isa = PBXFileReference; lastKnownFileType = sourcecode.c.h; path = SettingsTableViewController.h; sourceTree = "<group>"; };
		CC50226024BE13A40081F565 /* SettingsTableViewController.m */ = {isa = PBXFileReference; lastKnownFileType = sourcecode.c.objc; path = SettingsTableViewController.m; sourceTree = "<group>"; };
		CC5A447D24BFABEE00306D0E /* LogOutViewController.h */ = {isa = PBXFileReference; lastKnownFileType = sourcecode.c.h; path = LogOutViewController.h; sourceTree = "<group>"; };
		CC5A447E24BFABEE00306D0E /* LogOutViewController.m */ = {isa = PBXFileReference; lastKnownFileType = sourcecode.c.objc; path = LogOutViewController.m; sourceTree = "<group>"; };
		CC5A448024BFB51300306D0E /* GoalsViewController.h */ = {isa = PBXFileReference; lastKnownFileType = sourcecode.c.h; path = GoalsViewController.h; sourceTree = "<group>"; };
		CC5A448124BFB51300306D0E /* GoalsViewController.m */ = {isa = PBXFileReference; lastKnownFileType = sourcecode.c.objc; path = GoalsViewController.m; sourceTree = "<group>"; };
		CC5A448624C0A22A00306D0E /* UpdateProfileViewController.h */ = {isa = PBXFileReference; lastKnownFileType = sourcecode.c.h; path = UpdateProfileViewController.h; sourceTree = "<group>"; };
		CC5A448724C0A22A00306D0E /* UpdateProfileViewController.m */ = {isa = PBXFileReference; lastKnownFileType = sourcecode.c.objc; path = UpdateProfileViewController.m; sourceTree = "<group>"; };
		CC5A448924C0B60D00306D0E /* UserProfile.h */ = {isa = PBXFileReference; lastKnownFileType = sourcecode.c.h; path = UserProfile.h; sourceTree = "<group>"; };
		CC5A448A24C0B60D00306D0E /* UserProfile.m */ = {isa = PBXFileReference; lastKnownFileType = sourcecode.c.objc; path = UserProfile.m; sourceTree = "<group>"; };
		CC7E522524BE5162008808A3 /* SignUpViewController.h */ = {isa = PBXFileReference; lastKnownFileType = sourcecode.c.h; path = SignUpViewController.h; sourceTree = "<group>"; };
		CC7E522624BE5162008808A3 /* SignUpViewController.m */ = {isa = PBXFileReference; lastKnownFileType = sourcecode.c.objc; path = SignUpViewController.m; sourceTree = "<group>"; };
		CCA6E48324C55E9500022825 /* WorkoutCell.h */ = {isa = PBXFileReference; lastKnownFileType = sourcecode.c.h; path = WorkoutCell.h; sourceTree = "<group>"; };
		CCA6E48424C55E9500022825 /* WorkoutCell.m */ = {isa = PBXFileReference; lastKnownFileType = sourcecode.c.objc; path = WorkoutCell.m; sourceTree = "<group>"; };
		CCB8F21324BE1D6B0031707D /* CalanderViewController.h */ = {isa = PBXFileReference; lastKnownFileType = sourcecode.c.h; path = CalanderViewController.h; sourceTree = "<group>"; };
		CCB8F21424BE1D6B0031707D /* CalanderViewController.m */ = {isa = PBXFileReference; lastKnownFileType = sourcecode.c.objc; path = CalanderViewController.m; sourceTree = "<group>"; };
		CCC2F42524BCFFD900091F25 /* LoginViewController.h */ = {isa = PBXFileReference; lastKnownFileType = sourcecode.c.h; path = LoginViewController.h; sourceTree = "<group>"; };
		CCC2F42624BCFFD900091F25 /* LoginViewController.m */ = {isa = PBXFileReference; lastKnownFileType = sourcecode.c.objc; path = LoginViewController.m; sourceTree = "<group>"; };
		CCC4495924C9E16500FAF314 /* WorkoutEvent.h */ = {isa = PBXFileReference; lastKnownFileType = sourcecode.c.h; path = WorkoutEvent.h; sourceTree = "<group>"; };
		CCC4495A24C9E16500FAF314 /* WorkoutEvent.m */ = {isa = PBXFileReference; lastKnownFileType = sourcecode.c.objc; path = WorkoutEvent.m; sourceTree = "<group>"; };
		D49E78674E444CE202638345 /* Pods-RunningMateFBUTests.release.xcconfig */ = {isa = PBXFileReference; includeInIndex = 1; lastKnownFileType = text.xcconfig; name = "Pods-RunningMateFBUTests.release.xcconfig"; path = "Target Support Files/Pods-RunningMateFBUTests/Pods-RunningMateFBUTests.release.xcconfig"; sourceTree = "<group>"; };
		E6512BCAD47E65E47F896BF0 /* Pods-RunningMateFBU-RunningMateFBUUITests.release.xcconfig */ = {isa = PBXFileReference; includeInIndex = 1; lastKnownFileType = text.xcconfig; name = "Pods-RunningMateFBU-RunningMateFBUUITests.release.xcconfig"; path = "Target Support Files/Pods-RunningMateFBU-RunningMateFBUUITests/Pods-RunningMateFBU-RunningMateFBUUITests.release.xcconfig"; sourceTree = "<group>"; };
		FE3073A4ADC1D513B90C61A7 /* Pods-RunningMateFBU.release.xcconfig */ = {isa = PBXFileReference; includeInIndex = 1; lastKnownFileType = text.xcconfig; name = "Pods-RunningMateFBU.release.xcconfig"; path = "Target Support Files/Pods-RunningMateFBU/Pods-RunningMateFBU.release.xcconfig"; sourceTree = "<group>"; };
/* End PBXFileReference section */

/* Begin PBXFrameworksBuildPhase section */
		CC2D932A24BCD7AF0016E5D2 /* Frameworks */ = {
			isa = PBXFrameworksBuildPhase;
			buildActionMask = 2147483647;
			files = (
				818D3E3B7A9B89CA400DFE76 /* Pods_RunningMateFBU.framework in Frameworks */,
			);
			runOnlyForDeploymentPostprocessing = 0;
		};
		CC2D934524BCD7B00016E5D2 /* Frameworks */ = {
			isa = PBXFrameworksBuildPhase;
			buildActionMask = 2147483647;
			files = (
				E4CC2810A1F724956074F736 /* Pods_RunningMateFBUTests.framework in Frameworks */,
			);
			runOnlyForDeploymentPostprocessing = 0;
		};
		CC2D935024BCD7B00016E5D2 /* Frameworks */ = {
			isa = PBXFrameworksBuildPhase;
			buildActionMask = 2147483647;
			files = (
				9FE75955379B54A7F72877CD /* Pods_RunningMateFBU_RunningMateFBUUITests.framework in Frameworks */,
			);
			runOnlyForDeploymentPostprocessing = 0;
		};
/* End PBXFrameworksBuildPhase section */

/* Begin PBXGroup section */
		75992478CF73AD3B3E4FBB4A /* Frameworks */ = {
			isa = PBXGroup;
			children = (
				0C1BC6C7143798FA57D8280D /* Pods_RunningMateFBU.framework */,
				0A9F903D926C97AEC22AB3A3 /* Pods_RunningMateFBU_RunningMateFBUUITests.framework */,
				A131F1F1FBAE3E16EABC133E /* Pods_RunningMateFBUTests.framework */,
			);
			name = Frameworks;
			sourceTree = "<group>";
		};
		8BACCE097517DA2645306312 /* Pods */ = {
			isa = PBXGroup;
			children = (
				4EF245F8356F6626B5DCF934 /* Pods-RunningMateFBU.debug.xcconfig */,
				FE3073A4ADC1D513B90C61A7 /* Pods-RunningMateFBU.release.xcconfig */,
				5B31063EAB9A358E44D9BFB3 /* Pods-RunningMateFBU-RunningMateFBUUITests.debug.xcconfig */,
				E6512BCAD47E65E47F896BF0 /* Pods-RunningMateFBU-RunningMateFBUUITests.release.xcconfig */,
				19DDFEB3CD07E2A277122106 /* Pods-RunningMateFBUTests.debug.xcconfig */,
				D49E78674E444CE202638345 /* Pods-RunningMateFBUTests.release.xcconfig */,
			);
			path = Pods;
			sourceTree = "<group>";
		};
		CC2D932424BCD7AF0016E5D2 = {
			isa = PBXGroup;
			children = (
				CC2D932F24BCD7AF0016E5D2 /* RunningMateFBU */,
				CC2D934B24BCD7B00016E5D2 /* RunningMateFBUTests */,
				CC2D935624BCD7B00016E5D2 /* RunningMateFBUUITests */,
				CC2D932E24BCD7AF0016E5D2 /* Products */,
				8BACCE097517DA2645306312 /* Pods */,
				75992478CF73AD3B3E4FBB4A /* Frameworks */,
			);
			sourceTree = "<group>";
		};
		CC2D932E24BCD7AF0016E5D2 /* Products */ = {
			isa = PBXGroup;
			children = (
				CC2D932D24BCD7AF0016E5D2 /* RunningMateFBU.app */,
				CC2D934824BCD7B00016E5D2 /* RunningMateFBUTests.xctest */,
				CC2D935324BCD7B00016E5D2 /* RunningMateFBUUITests.xctest */,
			);
			name = Products;
			sourceTree = "<group>";
		};
		CC2D932F24BCD7AF0016E5D2 /* RunningMateFBU */ = {
			isa = PBXGroup;
			children = (
				CCC2F42124BCFF4E00091F25 /* ViewController */,
				CCC2F42224BCFF6D00091F25 /* Models */,
				CCC2F42424BCFF8F00091F25 /* Views */,
				CC2D933024BCD7AF0016E5D2 /* AppDelegate.h */,
				CC2D933124BCD7AF0016E5D2 /* AppDelegate.m */,
				CC2D933324BCD7AF0016E5D2 /* SceneDelegate.h */,
				CC2D933424BCD7AF0016E5D2 /* SceneDelegate.m */,
				CC2D933924BCD7AF0016E5D2 /* Main.storyboard */,
				CC2D933C24BCD7B00016E5D2 /* Assets.xcassets */,
				CC2D933E24BCD7B00016E5D2 /* LaunchScreen.storyboard */,
				CC2D934124BCD7B00016E5D2 /* Info.plist */,
				CC2D934224BCD7B00016E5D2 /* main.m */,
			);
			path = RunningMateFBU;
			sourceTree = "<group>";
		};
		CC2D934B24BCD7B00016E5D2 /* RunningMateFBUTests */ = {
			isa = PBXGroup;
			children = (
				CC2D934C24BCD7B00016E5D2 /* RunningMateFBUTests.m */,
				CC2D934E24BCD7B00016E5D2 /* Info.plist */,
			);
			path = RunningMateFBUTests;
			sourceTree = "<group>";
		};
		CC2D935624BCD7B00016E5D2 /* RunningMateFBUUITests */ = {
			isa = PBXGroup;
			children = (
				CC2D935724BCD7B00016E5D2 /* RunningMateFBUUITests.m */,
				CC2D935924BCD7B00016E5D2 /* Info.plist */,
			);
			path = RunningMateFBUUITests;
			sourceTree = "<group>";
		};
		CCA6E48B24C606FC00022825 /* SettingsTabVCs */ = {
			isa = PBXGroup;
			children = (
				CC50225F24BE13A40081F565 /* SettingsTableViewController.h */,
				CC50226024BE13A40081F565 /* SettingsTableViewController.m */,
				CC5A447D24BFABEE00306D0E /* LogOutViewController.h */,
				CC5A447E24BFABEE00306D0E /* LogOutViewController.m */,
				CC5A448024BFB51300306D0E /* GoalsViewController.h */,
				CC5A448124BFB51300306D0E /* GoalsViewController.m */,
			);
			path = SettingsTabVCs;
			sourceTree = "<group>";
		};
		CCA6E48C24C6070F00022825 /* Login&SignUpVC's */ = {
			isa = PBXGroup;
			children = (
				CCC2F42524BCFFD900091F25 /* LoginViewController.h */,
				CCC2F42624BCFFD900091F25 /* LoginViewController.m */,
				CC7E522524BE5162008808A3 /* SignUpViewController.h */,
				CC7E522624BE5162008808A3 /* SignUpViewController.m */,
			);
			path = "Login&SignUpVC's";
			sourceTree = "<group>";
		};
		CCA6E48D24C6074D00022825 /* HomeTabVCs */ = {
			isa = PBXGroup;
			children = (
				CC50225C24BE11690081F565 /* HomeViewController.h */,
				CC50225D24BE11690081F565 /* HomeViewController.m */,
				CC5A448624C0A22A00306D0E /* UpdateProfileViewController.h */,
				CC5A448724C0A22A00306D0E /* UpdateProfileViewController.m */,
			);
			path = HomeTabVCs;
			sourceTree = "<group>";
		};
		CCA6E48E24C607F500022825 /* CalendarTabVCs */ = {
			isa = PBXGroup;
			children = (
				CCB8F21324BE1D6B0031707D /* CalanderViewController.h */,
				CCB8F21424BE1D6B0031707D /* CalanderViewController.m */,
			);
			path = CalendarTabVCs;
			sourceTree = "<group>";
		};
		CCC2F42124BCFF4E00091F25 /* ViewController */ = {
			isa = PBXGroup;
			children = (
				CCA6E48E24C607F500022825 /* CalendarTabVCs */,
				CCA6E48D24C6074D00022825 /* HomeTabVCs */,
				CCA6E48C24C6070F00022825 /* Login&SignUpVC's */,
				CCA6E48B24C606FC00022825 /* SettingsTabVCs */,
			);
			path = ViewController;
			sourceTree = "<group>";
		};
		CCC2F42224BCFF6D00091F25 /* Models */ = {
			isa = PBXGroup;
			children = (
				CC5A448924C0B60D00306D0E /* UserProfile.h */,
				CC5A448A24C0B60D00306D0E /* UserProfile.m */,
				CCC4495924C9E16500FAF314 /* WorkoutEvent.h */,
				CCC4495A24C9E16500FAF314 /* WorkoutEvent.m */,
			);
			path = Models;
			sourceTree = "<group>";
		};
		CCC2F42424BCFF8F00091F25 /* Views */ = {
			isa = PBXGroup;
			children = (
				CCA6E48324C55E9500022825 /* WorkoutCell.h */,
				CCA6E48424C55E9500022825 /* WorkoutCell.m */,
			);
			path = Views;
			sourceTree = "<group>";
		};
/* End PBXGroup section */

/* Begin PBXNativeTarget section */
		CC2D932C24BCD7AF0016E5D2 /* RunningMateFBU */ = {
			isa = PBXNativeTarget;
			buildConfigurationList = CC2D935C24BCD7B00016E5D2 /* Build configuration list for PBXNativeTarget "RunningMateFBU" */;
			buildPhases = (
				C7C2D66B8636E7B1E9DABA4D /* [CP] Check Pods Manifest.lock */,
				CC2D932924BCD7AF0016E5D2 /* Sources */,
				CC2D932A24BCD7AF0016E5D2 /* Frameworks */,
				CC2D932B24BCD7AF0016E5D2 /* Resources */,
				862D1CEB44F78301AFD330D5 /* [CP] Embed Pods Frameworks */,
			);
			buildRules = (
			);
			dependencies = (
			);
			name = RunningMateFBU;
			productName = RunningMateFBU;
			productReference = CC2D932D24BCD7AF0016E5D2 /* RunningMateFBU.app */;
			productType = "com.apple.product-type.application";
		};
		CC2D934724BCD7B00016E5D2 /* RunningMateFBUTests */ = {
			isa = PBXNativeTarget;
			buildConfigurationList = CC2D935F24BCD7B00016E5D2 /* Build configuration list for PBXNativeTarget "RunningMateFBUTests" */;
			buildPhases = (
				512EE782F4810F6493F4C030 /* [CP] Check Pods Manifest.lock */,
				CC2D934424BCD7B00016E5D2 /* Sources */,
				CC2D934524BCD7B00016E5D2 /* Frameworks */,
				CC2D934624BCD7B00016E5D2 /* Resources */,
			);
			buildRules = (
			);
			dependencies = (
				CC2D934A24BCD7B00016E5D2 /* PBXTargetDependency */,
			);
			name = RunningMateFBUTests;
			productName = RunningMateFBUTests;
			productReference = CC2D934824BCD7B00016E5D2 /* RunningMateFBUTests.xctest */;
			productType = "com.apple.product-type.bundle.unit-test";
		};
		CC2D935224BCD7B00016E5D2 /* RunningMateFBUUITests */ = {
			isa = PBXNativeTarget;
			buildConfigurationList = CC2D936224BCD7B00016E5D2 /* Build configuration list for PBXNativeTarget "RunningMateFBUUITests" */;
			buildPhases = (
				3EB2117A36D204325AAFA17D /* [CP] Check Pods Manifest.lock */,
				CC2D934F24BCD7B00016E5D2 /* Sources */,
				CC2D935024BCD7B00016E5D2 /* Frameworks */,
				CC2D935124BCD7B00016E5D2 /* Resources */,
				2262FBA13F47849EF014E672 /* [CP] Embed Pods Frameworks */,
			);
			buildRules = (
			);
			dependencies = (
				CC2D935524BCD7B00016E5D2 /* PBXTargetDependency */,
			);
			name = RunningMateFBUUITests;
			productName = RunningMateFBUUITests;
			productReference = CC2D935324BCD7B00016E5D2 /* RunningMateFBUUITests.xctest */;
			productType = "com.apple.product-type.bundle.ui-testing";
		};
/* End PBXNativeTarget section */

/* Begin PBXProject section */
		CC2D932524BCD7AF0016E5D2 /* Project object */ = {
			isa = PBXProject;
			attributes = {
				LastUpgradeCheck = 1150;
				ORGANIZATIONNAME = denzeltov;
				TargetAttributes = {
					CC2D932C24BCD7AF0016E5D2 = {
						CreatedOnToolsVersion = 11.5;
					};
					CC2D934724BCD7B00016E5D2 = {
						CreatedOnToolsVersion = 11.5;
						TestTargetID = CC2D932C24BCD7AF0016E5D2;
					};
					CC2D935224BCD7B00016E5D2 = {
						CreatedOnToolsVersion = 11.5;
						TestTargetID = CC2D932C24BCD7AF0016E5D2;
					};
				};
			};
			buildConfigurationList = CC2D932824BCD7AF0016E5D2 /* Build configuration list for PBXProject "RunningMateFBU" */;
			compatibilityVersion = "Xcode 9.3";
			developmentRegion = en;
			hasScannedForEncodings = 0;
			knownRegions = (
				en,
				Base,
			);
			mainGroup = CC2D932424BCD7AF0016E5D2;
			productRefGroup = CC2D932E24BCD7AF0016E5D2 /* Products */;
			projectDirPath = "";
			projectRoot = "";
			targets = (
				CC2D932C24BCD7AF0016E5D2 /* RunningMateFBU */,
				CC2D934724BCD7B00016E5D2 /* RunningMateFBUTests */,
				CC2D935224BCD7B00016E5D2 /* RunningMateFBUUITests */,
			);
		};
/* End PBXProject section */

/* Begin PBXResourcesBuildPhase section */
		CC2D932B24BCD7AF0016E5D2 /* Resources */ = {
			isa = PBXResourcesBuildPhase;
			buildActionMask = 2147483647;
			files = (
				CC2D934024BCD7B00016E5D2 /* LaunchScreen.storyboard in Resources */,
				CC2D933D24BCD7B00016E5D2 /* Assets.xcassets in Resources */,
				CC2D933B24BCD7AF0016E5D2 /* Main.storyboard in Resources */,
			);
			runOnlyForDeploymentPostprocessing = 0;
		};
		CC2D934624BCD7B00016E5D2 /* Resources */ = {
			isa = PBXResourcesBuildPhase;
			buildActionMask = 2147483647;
			files = (
			);
			runOnlyForDeploymentPostprocessing = 0;
		};
		CC2D935124BCD7B00016E5D2 /* Resources */ = {
			isa = PBXResourcesBuildPhase;
			buildActionMask = 2147483647;
			files = (
			);
			runOnlyForDeploymentPostprocessing = 0;
		};
/* End PBXResourcesBuildPhase section */

/* Begin PBXShellScriptBuildPhase section */
		2262FBA13F47849EF014E672 /* [CP] Embed Pods Frameworks */ = {
			isa = PBXShellScriptBuildPhase;
			buildActionMask = 2147483647;
			files = (
			);
			inputFileListPaths = (
				"${PODS_ROOT}/Target Support Files/Pods-RunningMateFBU-RunningMateFBUUITests/Pods-RunningMateFBU-RunningMateFBUUITests-frameworks-${CONFIGURATION}-input-files.xcfilelist",
			);
			name = "[CP] Embed Pods Frameworks";
			outputFileListPaths = (
				"${PODS_ROOT}/Target Support Files/Pods-RunningMateFBU-RunningMateFBUUITests/Pods-RunningMateFBU-RunningMateFBUUITests-frameworks-${CONFIGURATION}-output-files.xcfilelist",
			);
			runOnlyForDeploymentPostprocessing = 0;
			shellPath = /bin/sh;
			shellScript = "\"${PODS_ROOT}/Target Support Files/Pods-RunningMateFBU-RunningMateFBUUITests/Pods-RunningMateFBU-RunningMateFBUUITests-frameworks.sh\"\n";
			showEnvVarsInLog = 0;
		};
		3EB2117A36D204325AAFA17D /* [CP] Check Pods Manifest.lock */ = {
			isa = PBXShellScriptBuildPhase;
			buildActionMask = 2147483647;
			files = (
			);
			inputFileListPaths = (
			);
			inputPaths = (
				"${PODS_PODFILE_DIR_PATH}/Podfile.lock",
				"${PODS_ROOT}/Manifest.lock",
			);
			name = "[CP] Check Pods Manifest.lock";
			outputFileListPaths = (
			);
			outputPaths = (
				"$(DERIVED_FILE_DIR)/Pods-RunningMateFBU-RunningMateFBUUITests-checkManifestLockResult.txt",
			);
			runOnlyForDeploymentPostprocessing = 0;
			shellPath = /bin/sh;
			shellScript = "diff \"${PODS_PODFILE_DIR_PATH}/Podfile.lock\" \"${PODS_ROOT}/Manifest.lock\" > /dev/null\nif [ $? != 0 ] ; then\n    # print error to STDERR\n    echo \"error: The sandbox is not in sync with the Podfile.lock. Run 'pod install' or update your CocoaPods installation.\" >&2\n    exit 1\nfi\n# This output is used by Xcode 'outputs' to avoid re-running this script phase.\necho \"SUCCESS\" > \"${SCRIPT_OUTPUT_FILE_0}\"\n";
			showEnvVarsInLog = 0;
		};
		512EE782F4810F6493F4C030 /* [CP] Check Pods Manifest.lock */ = {
			isa = PBXShellScriptBuildPhase;
			buildActionMask = 2147483647;
			files = (
			);
			inputFileListPaths = (
			);
			inputPaths = (
				"${PODS_PODFILE_DIR_PATH}/Podfile.lock",
				"${PODS_ROOT}/Manifest.lock",
			);
			name = "[CP] Check Pods Manifest.lock";
			outputFileListPaths = (
			);
			outputPaths = (
				"$(DERIVED_FILE_DIR)/Pods-RunningMateFBUTests-checkManifestLockResult.txt",
			);
			runOnlyForDeploymentPostprocessing = 0;
			shellPath = /bin/sh;
			shellScript = "diff \"${PODS_PODFILE_DIR_PATH}/Podfile.lock\" \"${PODS_ROOT}/Manifest.lock\" > /dev/null\nif [ $? != 0 ] ; then\n    # print error to STDERR\n    echo \"error: The sandbox is not in sync with the Podfile.lock. Run 'pod install' or update your CocoaPods installation.\" >&2\n    exit 1\nfi\n# This output is used by Xcode 'outputs' to avoid re-running this script phase.\necho \"SUCCESS\" > \"${SCRIPT_OUTPUT_FILE_0}\"\n";
			showEnvVarsInLog = 0;
		};
		862D1CEB44F78301AFD330D5 /* [CP] Embed Pods Frameworks */ = {
			isa = PBXShellScriptBuildPhase;
			buildActionMask = 2147483647;
			files = (
			);
			inputFileListPaths = (
				"${PODS_ROOT}/Target Support Files/Pods-RunningMateFBU/Pods-RunningMateFBU-frameworks-${CONFIGURATION}-input-files.xcfilelist",
			);
			name = "[CP] Embed Pods Frameworks";
			outputFileListPaths = (
				"${PODS_ROOT}/Target Support Files/Pods-RunningMateFBU/Pods-RunningMateFBU-frameworks-${CONFIGURATION}-output-files.xcfilelist",
			);
			runOnlyForDeploymentPostprocessing = 0;
			shellPath = /bin/sh;
			shellScript = "\"${PODS_ROOT}/Target Support Files/Pods-RunningMateFBU/Pods-RunningMateFBU-frameworks.sh\"\n";
			showEnvVarsInLog = 0;
		};
		C7C2D66B8636E7B1E9DABA4D /* [CP] Check Pods Manifest.lock */ = {
			isa = PBXShellScriptBuildPhase;
			buildActionMask = 2147483647;
			files = (
			);
			inputFileListPaths = (
			);
			inputPaths = (
				"${PODS_PODFILE_DIR_PATH}/Podfile.lock",
				"${PODS_ROOT}/Manifest.lock",
			);
			name = "[CP] Check Pods Manifest.lock";
			outputFileListPaths = (
			);
			outputPaths = (
				"$(DERIVED_FILE_DIR)/Pods-RunningMateFBU-checkManifestLockResult.txt",
			);
			runOnlyForDeploymentPostprocessing = 0;
			shellPath = /bin/sh;
			shellScript = "diff \"${PODS_PODFILE_DIR_PATH}/Podfile.lock\" \"${PODS_ROOT}/Manifest.lock\" > /dev/null\nif [ $? != 0 ] ; then\n    # print error to STDERR\n    echo \"error: The sandbox is not in sync with the Podfile.lock. Run 'pod install' or update your CocoaPods installation.\" >&2\n    exit 1\nfi\n# This output is used by Xcode 'outputs' to avoid re-running this script phase.\necho \"SUCCESS\" > \"${SCRIPT_OUTPUT_FILE_0}\"\n";
			showEnvVarsInLog = 0;
		};
/* End PBXShellScriptBuildPhase section */

/* Begin PBXSourcesBuildPhase section */
		CC2D932924BCD7AF0016E5D2 /* Sources */ = {
			isa = PBXSourcesBuildPhase;
			buildActionMask = 2147483647;
			files = (
				CC5A447F24BFABEE00306D0E /* LogOutViewController.m in Sources */,
				CC50226124BE13A40081F565 /* SettingsTableViewController.m in Sources */,
				CCC2F42724BCFFD900091F25 /* LoginViewController.m in Sources */,
				CC2D933224BCD7AF0016E5D2 /* AppDelegate.m in Sources */,
				CCB8F21524BE1D6B0031707D /* CalanderViewController.m in Sources */,
				CC2D934324BCD7B00016E5D2 /* main.m in Sources */,
				CCC4495B24C9E16500FAF314 /* WorkoutEvent.m in Sources */,
				CC2D933524BCD7AF0016E5D2 /* SceneDelegate.m in Sources */,
				CC5A448B24C0B60D00306D0E /* UserProfile.m in Sources */,
				CC50225E24BE11690081F565 /* HomeViewController.m in Sources */,
				CCA6E48524C55E9500022825 /* WorkoutCell.m in Sources */,
				CC7E522724BE5162008808A3 /* SignUpViewController.m in Sources */,
				CC5A448224BFB51300306D0E /* GoalsViewController.m in Sources */,
				CC5A448824C0A22A00306D0E /* UpdateProfileViewController.m in Sources */,
			);
			runOnlyForDeploymentPostprocessing = 0;
		};
		CC2D934424BCD7B00016E5D2 /* Sources */ = {
			isa = PBXSourcesBuildPhase;
			buildActionMask = 2147483647;
			files = (
				CC2D934D24BCD7B00016E5D2 /* RunningMateFBUTests.m in Sources */,
			);
			runOnlyForDeploymentPostprocessing = 0;
		};
		CC2D934F24BCD7B00016E5D2 /* Sources */ = {
			isa = PBXSourcesBuildPhase;
			buildActionMask = 2147483647;
			files = (
				CC2D935824BCD7B00016E5D2 /* RunningMateFBUUITests.m in Sources */,
			);
			runOnlyForDeploymentPostprocessing = 0;
		};
/* End PBXSourcesBuildPhase section */

/* Begin PBXTargetDependency section */
		CC2D934A24BCD7B00016E5D2 /* PBXTargetDependency */ = {
			isa = PBXTargetDependency;
			target = CC2D932C24BCD7AF0016E5D2 /* RunningMateFBU */;
			targetProxy = CC2D934924BCD7B00016E5D2 /* PBXContainerItemProxy */;
		};
		CC2D935524BCD7B00016E5D2 /* PBXTargetDependency */ = {
			isa = PBXTargetDependency;
			target = CC2D932C24BCD7AF0016E5D2 /* RunningMateFBU */;
			targetProxy = CC2D935424BCD7B00016E5D2 /* PBXContainerItemProxy */;
		};
/* End PBXTargetDependency section */

/* Begin PBXVariantGroup section */
		CC2D933924BCD7AF0016E5D2 /* Main.storyboard */ = {
			isa = PBXVariantGroup;
			children = (
				CC2D933A24BCD7AF0016E5D2 /* Base */,
			);
			name = Main.storyboard;
			sourceTree = "<group>";
		};
		CC2D933E24BCD7B00016E5D2 /* LaunchScreen.storyboard */ = {
			isa = PBXVariantGroup;
			children = (
				CC2D933F24BCD7B00016E5D2 /* Base */,
			);
			name = LaunchScreen.storyboard;
			sourceTree = "<group>";
		};
/* End PBXVariantGroup section */

/* Begin XCBuildConfiguration section */
		CC2D935A24BCD7B00016E5D2 /* Debug */ = {
			isa = XCBuildConfiguration;
			buildSettings = {
				ALWAYS_SEARCH_USER_PATHS = NO;
				CLANG_ANALYZER_NONNULL = YES;
				CLANG_ANALYZER_NUMBER_OBJECT_CONVERSION = YES_AGGRESSIVE;
				CLANG_CXX_LANGUAGE_STANDARD = "gnu++14";
				CLANG_CXX_LIBRARY = "libc++";
				CLANG_ENABLE_MODULES = YES;
				CLANG_ENABLE_OBJC_ARC = YES;
				CLANG_ENABLE_OBJC_WEAK = YES;
				CLANG_WARN_BLOCK_CAPTURE_AUTORELEASING = YES;
				CLANG_WARN_BOOL_CONVERSION = YES;
				CLANG_WARN_COMMA = YES;
				CLANG_WARN_CONSTANT_CONVERSION = YES;
				CLANG_WARN_DEPRECATED_OBJC_IMPLEMENTATIONS = YES;
				CLANG_WARN_DIRECT_OBJC_ISA_USAGE = YES_ERROR;
				CLANG_WARN_DOCUMENTATION_COMMENTS = YES;
				CLANG_WARN_EMPTY_BODY = YES;
				CLANG_WARN_ENUM_CONVERSION = YES;
				CLANG_WARN_INFINITE_RECURSION = YES;
				CLANG_WARN_INT_CONVERSION = YES;
				CLANG_WARN_NON_LITERAL_NULL_CONVERSION = YES;
				CLANG_WARN_OBJC_IMPLICIT_RETAIN_SELF = YES;
				CLANG_WARN_OBJC_LITERAL_CONVERSION = YES;
				CLANG_WARN_OBJC_ROOT_CLASS = YES_ERROR;
				CLANG_WARN_RANGE_LOOP_ANALYSIS = YES;
				CLANG_WARN_STRICT_PROTOTYPES = YES;
				CLANG_WARN_SUSPICIOUS_MOVE = YES;
				CLANG_WARN_UNGUARDED_AVAILABILITY = YES_AGGRESSIVE;
				CLANG_WARN_UNREACHABLE_CODE = YES;
				CLANG_WARN__DUPLICATE_METHOD_MATCH = YES;
				COPY_PHASE_STRIP = NO;
				DEBUG_INFORMATION_FORMAT = dwarf;
				ENABLE_STRICT_OBJC_MSGSEND = YES;
				ENABLE_TESTABILITY = YES;
				GCC_C_LANGUAGE_STANDARD = gnu11;
				GCC_DYNAMIC_NO_PIC = NO;
				GCC_NO_COMMON_BLOCKS = YES;
				GCC_OPTIMIZATION_LEVEL = 0;
				GCC_PREPROCESSOR_DEFINITIONS = (
					"DEBUG=1",
					"$(inherited)",
				);
				GCC_WARN_64_TO_32_BIT_CONVERSION = YES;
				GCC_WARN_ABOUT_RETURN_TYPE = YES_ERROR;
				GCC_WARN_UNDECLARED_SELECTOR = YES;
				GCC_WARN_UNINITIALIZED_AUTOS = YES_AGGRESSIVE;
				GCC_WARN_UNUSED_FUNCTION = YES;
				GCC_WARN_UNUSED_VARIABLE = YES;
				IPHONEOS_DEPLOYMENT_TARGET = 13.5;
				MTL_ENABLE_DEBUG_INFO = INCLUDE_SOURCE;
				MTL_FAST_MATH = YES;
				ONLY_ACTIVE_ARCH = YES;
				SDKROOT = iphoneos;
			};
			name = Debug;
		};
		CC2D935B24BCD7B00016E5D2 /* Release */ = {
			isa = XCBuildConfiguration;
			buildSettings = {
				ALWAYS_SEARCH_USER_PATHS = NO;
				CLANG_ANALYZER_NONNULL = YES;
				CLANG_ANALYZER_NUMBER_OBJECT_CONVERSION = YES_AGGRESSIVE;
				CLANG_CXX_LANGUAGE_STANDARD = "gnu++14";
				CLANG_CXX_LIBRARY = "libc++";
				CLANG_ENABLE_MODULES = YES;
				CLANG_ENABLE_OBJC_ARC = YES;
				CLANG_ENABLE_OBJC_WEAK = YES;
				CLANG_WARN_BLOCK_CAPTURE_AUTORELEASING = YES;
				CLANG_WARN_BOOL_CONVERSION = YES;
				CLANG_WARN_COMMA = YES;
				CLANG_WARN_CONSTANT_CONVERSION = YES;
				CLANG_WARN_DEPRECATED_OBJC_IMPLEMENTATIONS = YES;
				CLANG_WARN_DIRECT_OBJC_ISA_USAGE = YES_ERROR;
				CLANG_WARN_DOCUMENTATION_COMMENTS = YES;
				CLANG_WARN_EMPTY_BODY = YES;
				CLANG_WARN_ENUM_CONVERSION = YES;
				CLANG_WARN_INFINITE_RECURSION = YES;
				CLANG_WARN_INT_CONVERSION = YES;
				CLANG_WARN_NON_LITERAL_NULL_CONVERSION = YES;
				CLANG_WARN_OBJC_IMPLICIT_RETAIN_SELF = YES;
				CLANG_WARN_OBJC_LITERAL_CONVERSION = YES;
				CLANG_WARN_OBJC_ROOT_CLASS = YES_ERROR;
				CLANG_WARN_RANGE_LOOP_ANALYSIS = YES;
				CLANG_WARN_STRICT_PROTOTYPES = YES;
				CLANG_WARN_SUSPICIOUS_MOVE = YES;
				CLANG_WARN_UNGUARDED_AVAILABILITY = YES_AGGRESSIVE;
				CLANG_WARN_UNREACHABLE_CODE = YES;
				CLANG_WARN__DUPLICATE_METHOD_MATCH = YES;
				COPY_PHASE_STRIP = NO;
				DEBUG_INFORMATION_FORMAT = "dwarf-with-dsym";
				ENABLE_NS_ASSERTIONS = NO;
				ENABLE_STRICT_OBJC_MSGSEND = YES;
				GCC_C_LANGUAGE_STANDARD = gnu11;
				GCC_NO_COMMON_BLOCKS = YES;
				GCC_WARN_64_TO_32_BIT_CONVERSION = YES;
				GCC_WARN_ABOUT_RETURN_TYPE = YES_ERROR;
				GCC_WARN_UNDECLARED_SELECTOR = YES;
				GCC_WARN_UNINITIALIZED_AUTOS = YES_AGGRESSIVE;
				GCC_WARN_UNUSED_FUNCTION = YES;
				GCC_WARN_UNUSED_VARIABLE = YES;
				IPHONEOS_DEPLOYMENT_TARGET = 13.5;
				MTL_ENABLE_DEBUG_INFO = NO;
				MTL_FAST_MATH = YES;
				SDKROOT = iphoneos;
				VALIDATE_PRODUCT = YES;
			};
			name = Release;
		};
		CC2D935D24BCD7B00016E5D2 /* Debug */ = {
			isa = XCBuildConfiguration;
			baseConfigurationReference = 4EF245F8356F6626B5DCF934 /* Pods-RunningMateFBU.debug.xcconfig */;
			buildSettings = {
				ASSETCATALOG_COMPILER_APPICON_NAME = AppIcon;
				CODE_SIGN_STYLE = Automatic;
				DEVELOPMENT_TEAM = BHR2WYHD4V;
				INFOPLIST_FILE = RunningMateFBU/Info.plist;
				LD_RUNPATH_SEARCH_PATHS = (
					"$(inherited)",
					"@executable_path/Frameworks",
				);
				PRODUCT_BUNDLE_IDENTIFIER = com.parsechat.RunningMateFBU;
				PRODUCT_NAME = "$(TARGET_NAME)";
				TARGETED_DEVICE_FAMILY = "1,2";
			};
			name = Debug;
		};
		CC2D935E24BCD7B00016E5D2 /* Release */ = {
			isa = XCBuildConfiguration;
			baseConfigurationReference = FE3073A4ADC1D513B90C61A7 /* Pods-RunningMateFBU.release.xcconfig */;
			buildSettings = {
				ASSETCATALOG_COMPILER_APPICON_NAME = AppIcon;
				CODE_SIGN_STYLE = Automatic;
				DEVELOPMENT_TEAM = BHR2WYHD4V;
				INFOPLIST_FILE = RunningMateFBU/Info.plist;
				LD_RUNPATH_SEARCH_PATHS = (
					"$(inherited)",
					"@executable_path/Frameworks",
				);
				PRODUCT_BUNDLE_IDENTIFIER = com.parsechat.RunningMateFBU;
				PRODUCT_NAME = "$(TARGET_NAME)";
				TARGETED_DEVICE_FAMILY = "1,2";
			};
			name = Release;
		};
		CC2D936024BCD7B00016E5D2 /* Debug */ = {
			isa = XCBuildConfiguration;
			baseConfigurationReference = 19DDFEB3CD07E2A277122106 /* Pods-RunningMateFBUTests.debug.xcconfig */;
			buildSettings = {
				BUNDLE_LOADER = "$(TEST_HOST)";
				CODE_SIGN_STYLE = Automatic;
				DEVELOPMENT_TEAM = BHR2WYHD4V;
				INFOPLIST_FILE = RunningMateFBUTests/Info.plist;
				IPHONEOS_DEPLOYMENT_TARGET = 13.5;
				LD_RUNPATH_SEARCH_PATHS = (
					"$(inherited)",
					"@executable_path/Frameworks",
					"@loader_path/Frameworks",
				);
				PRODUCT_BUNDLE_IDENTIFIER = com.parsechat.RunningMateFBUTests;
				PRODUCT_NAME = "$(TARGET_NAME)";
				TARGETED_DEVICE_FAMILY = "1,2";
				TEST_HOST = "$(BUILT_PRODUCTS_DIR)/RunningMateFBU.app/RunningMateFBU";
			};
			name = Debug;
		};
		CC2D936124BCD7B00016E5D2 /* Release */ = {
			isa = XCBuildConfiguration;
			baseConfigurationReference = D49E78674E444CE202638345 /* Pods-RunningMateFBUTests.release.xcconfig */;
			buildSettings = {
				BUNDLE_LOADER = "$(TEST_HOST)";
				CODE_SIGN_STYLE = Automatic;
				DEVELOPMENT_TEAM = BHR2WYHD4V;
				INFOPLIST_FILE = RunningMateFBUTests/Info.plist;
				IPHONEOS_DEPLOYMENT_TARGET = 13.5;
				LD_RUNPATH_SEARCH_PATHS = (
					"$(inherited)",
					"@executable_path/Frameworks",
					"@loader_path/Frameworks",
				);
				PRODUCT_BUNDLE_IDENTIFIER = com.parsechat.RunningMateFBUTests;
				PRODUCT_NAME = "$(TARGET_NAME)";
				TARGETED_DEVICE_FAMILY = "1,2";
				TEST_HOST = "$(BUILT_PRODUCTS_DIR)/RunningMateFBU.app/RunningMateFBU";
			};
			name = Release;
		};
		CC2D936324BCD7B00016E5D2 /* Debug */ = {
			isa = XCBuildConfiguration;
			baseConfigurationReference = 5B31063EAB9A358E44D9BFB3 /* Pods-RunningMateFBU-RunningMateFBUUITests.debug.xcconfig */;
			buildSettings = {
				CODE_SIGN_STYLE = Automatic;
				DEVELOPMENT_TEAM = BHR2WYHD4V;
				INFOPLIST_FILE = RunningMateFBUUITests/Info.plist;
				LD_RUNPATH_SEARCH_PATHS = (
					"$(inherited)",
					"@executable_path/Frameworks",
					"@loader_path/Frameworks",
				);
				PRODUCT_BUNDLE_IDENTIFIER = com.parsechat.RunningMateFBUUITests;
				PRODUCT_NAME = "$(TARGET_NAME)";
				TARGETED_DEVICE_FAMILY = "1,2";
				TEST_TARGET_NAME = RunningMateFBU;
			};
			name = Debug;
		};
		CC2D936424BCD7B00016E5D2 /* Release */ = {
			isa = XCBuildConfiguration;
			baseConfigurationReference = E6512BCAD47E65E47F896BF0 /* Pods-RunningMateFBU-RunningMateFBUUITests.release.xcconfig */;
			buildSettings = {
				CODE_SIGN_STYLE = Automatic;
				DEVELOPMENT_TEAM = BHR2WYHD4V;
				INFOPLIST_FILE = RunningMateFBUUITests/Info.plist;
				LD_RUNPATH_SEARCH_PATHS = (
					"$(inherited)",
					"@executable_path/Frameworks",
					"@loader_path/Frameworks",
				);
				PRODUCT_BUNDLE_IDENTIFIER = com.parsechat.RunningMateFBUUITests;
				PRODUCT_NAME = "$(TARGET_NAME)";
				TARGETED_DEVICE_FAMILY = "1,2";
				TEST_TARGET_NAME = RunningMateFBU;
			};
			name = Release;
		};
/* End XCBuildConfiguration section */

/* Begin XCConfigurationList section */
		CC2D932824BCD7AF0016E5D2 /* Build configuration list for PBXProject "RunningMateFBU" */ = {
			isa = XCConfigurationList;
			buildConfigurations = (
				CC2D935A24BCD7B00016E5D2 /* Debug */,
				CC2D935B24BCD7B00016E5D2 /* Release */,
			);
			defaultConfigurationIsVisible = 0;
			defaultConfigurationName = Release;
		};
		CC2D935C24BCD7B00016E5D2 /* Build configuration list for PBXNativeTarget "RunningMateFBU" */ = {
			isa = XCConfigurationList;
			buildConfigurations = (
				CC2D935D24BCD7B00016E5D2 /* Debug */,
				CC2D935E24BCD7B00016E5D2 /* Release */,
			);
			defaultConfigurationIsVisible = 0;
			defaultConfigurationName = Release;
		};
		CC2D935F24BCD7B00016E5D2 /* Build configuration list for PBXNativeTarget "RunningMateFBUTests" */ = {
			isa = XCConfigurationList;
			buildConfigurations = (
				CC2D936024BCD7B00016E5D2 /* Debug */,
				CC2D936124BCD7B00016E5D2 /* Release */,
			);
			defaultConfigurationIsVisible = 0;
			defaultConfigurationName = Release;
		};
		CC2D936224BCD7B00016E5D2 /* Build configuration list for PBXNativeTarget "RunningMateFBUUITests" */ = {
			isa = XCConfigurationList;
			buildConfigurations = (
				CC2D936324BCD7B00016E5D2 /* Debug */,
				CC2D936424BCD7B00016E5D2 /* Release */,
			);
			defaultConfigurationIsVisible = 0;
			defaultConfigurationName = Release;
		};
/* End XCConfigurationList section */
	};
	rootObject = CC2D932524BCD7AF0016E5D2 /* Project object */;
}
